
Microsoft Visual Studio Solution File, Format Version 12.00
# Visual Studio Version 17
VisualStudioVersion = 17.9.34714.143
MinimumVisualStudioVersion = 10.0.40219.1
Project("{FAE04EC0-301F-11D3-BF4B-00C04F79EFBC}") = "salesCustomerMvc", "salesCustomerMvc.csproj", "{AD741F53-9230-4E97-A8FC-A3CE09F3573E}"
EndProject
Global
	GlobalSection(SolutionConfigurationPlatforms) = preSolution
		Debug|Any CPU = Debug|Any CPU
		Release|Any CPU = Release|Any CPU
	EndGlobalSection
	GlobalSection(ProjectConfigurationPlatforms) = postSolution
		{AD741F53-9230-4E97-A8FC-A3CE09F3573E}.Debug|Any CPU.ActiveCfg = Debug|Any CPU
		{AD741F53-9230-4E97-A8FC-A3CE09F3573E}.Debug|Any CPU.Build.0 = Debug|Any CPU
		{AD741F53-9230-4E97-A8FC-A3CE09F3573E}.Release|Any CPU.ActiveCfg = Release|Any CPU
		{AD741F53-9230-4E97-A8FC-A3CE09F3573E}.Release|Any CPU.Build.0 = Release|Any CPU
	EndGlobalSection
	GlobalSection(SolutionProperties) = preSolution
		HideSolutionNode = FALSE
	EndGlobalSection
	GlobalSection(ExtensibilityGlobals) = postSolution
		SolutionGuid = {1CD6B94C-FAA1-4B87-A6EF-FC069FA0BB81}
	EndGlobalSection
EndGlobal
